
Microsoft Visual Studio Solution File, Format Version 12.00
# Visual Studio Version 17
VisualStudioVersion = 17.12.35323.107
MinimumVisualStudioVersion = 10.0.40219.1
Project("{FAE04EC0-301F-11D3-BF4B-00C04F79EFBC}") = "BlazorWebAssemblyBootstrap5", "BlazorWebAssemblyBootstrap5.csproj", "{B43AC620-8920-4BDC-9085-37550DA65B88}"
EndProject
Global
	GlobalSection(SolutionConfigurationPlatforms) = preSolution
		Debug|Any CPU = Debug|Any CPU
		Release|Any CPU = Release|Any CPU
	EndGlobalSection
	GlobalSection(ProjectConfigurationPlatforms) = postSolution
		{B43AC620-8920-4BDC-9085-37550DA65B88}.Debug|Any CPU.ActiveCfg = Debug|Any CPU
		{B43AC620-8920-4BDC-9085-37550DA65B88}.Debug|Any CPU.Build.0 = Debug|Any CPU
		{B43AC620-8920-4BDC-9085-37550DA65B88}.Release|Any CPU.ActiveCfg = Release|Any CPU
		{B43AC620-8920-4BDC-9085-37550DA65B88}.Release|Any CPU.Build.0 = Release|Any CPU
	EndGlobalSection
	GlobalSection(SolutionProperties) = preSolution
		HideSolutionNode = FALSE
	EndGlobalSection
	GlobalSection(ExtensibilityGlobals) = postSolution
		SolutionGuid = {4254F8E0-F8E3-48F4-A6E5-160A3B803540}
	EndGlobalSection
EndGlobal
